// !$*UTF8*$!
{
	archiveVersion = 1;
	classes = {
	};
	objectVersion = 56;
	objects = {

/* Begin PBXBuildFile section */
		412F21D42A69CEB100E24EEE /* UISearchView.swift in Sources */ = {isa = PBXBuildFile; fileRef = 412F21D32A69CEB100E24EEE /* UISearchView.swift */; };
		4173A55A2A686FBC00B7CFC6 /* CustomSegmentedControl.swift in Sources */ = {isa = PBXBuildFile; fileRef = 4173A5592A686FBC00B7CFC6 /* CustomSegmentedControl.swift */; };
		4194190B2A685DCF00A752AB /* AppDelegate.swift in Sources */ = {isa = PBXBuildFile; fileRef = 4194190A2A685DCF00A752AB /* AppDelegate.swift */; };
		4194190D2A685DCF00A752AB /* SceneDelegate.swift in Sources */ = {isa = PBXBuildFile; fileRef = 4194190C2A685DCF00A752AB /* SceneDelegate.swift */; };
		419419142A685DD000A752AB /* Assets.xcassets in Resources */ = {isa = PBXBuildFile; fileRef = 419419132A685DD000A752AB /* Assets.xcassets */; };
		419419172A685DD000A752AB /* LaunchScreen.storyboard in Resources */ = {isa = PBXBuildFile; fileRef = 419419152A685DD000A752AB /* LaunchScreen.storyboard */; };
		419419202A685F4D00A752AB /* Extensions.swift in Sources */ = {isa = PBXBuildFile; fileRef = 4194191F2A685F4D00A752AB /* Extensions.swift */; };
		419419232A685F8600A752AB /* FriendshipRelation.swift in Sources */ = {isa = PBXBuildFile; fileRef = 419419222A685F8600A752AB /* FriendshipRelation.swift */; };
		419419252A685FBC00A752AB /* UserResult.swift in Sources */ = {isa = PBXBuildFile; fileRef = 419419242A685FBC00A752AB /* UserResult.swift */; };
		419419272A685FDA00A752AB /* UIUserResultCollectionViewCell.swift in Sources */ = {isa = PBXBuildFile; fileRef = 419419262A685FDA00A752AB /* UIUserResultCollectionViewCell.swift */; };
		419419292A6860C200A752AB /* FollowingFollowerViewController.swift in Sources */ = {isa = PBXBuildFile; fileRef = 419419282A6860C200A752AB /* FollowingFollowerViewController.swift */; };
/* End PBXBuildFile section */

/* Begin PBXFileReference section */
		412F21D32A69CEB100E24EEE /* UISearchView.swift */ = {isa = PBXFileReference; lastKnownFileType = sourcecode.swift; path = UISearchView.swift; sourceTree = "<group>"; };
		4173A5592A686FBC00B7CFC6 /* CustomSegmentedControl.swift */ = {isa = PBXFileReference; lastKnownFileType = sourcecode.swift; path = CustomSegmentedControl.swift; sourceTree = "<group>"; };
		419419072A685DCF00A752AB /* UIKit-Project.app */ = {isa = PBXFileReference; explicitFileType = wrapper.application; includeInIndex = 0; path = "UIKit-Project.app"; sourceTree = BUILT_PRODUCTS_DIR; };
		4194190A2A685DCF00A752AB /* AppDelegate.swift */ = {isa = PBXFileReference; lastKnownFileType = sourcecode.swift; path = AppDelegate.swift; sourceTree = "<group>"; };
		4194190C2A685DCF00A752AB /* SceneDelegate.swift */ = {isa = PBXFileReference; lastKnownFileType = sourcecode.swift; path = SceneDelegate.swift; sourceTree = "<group>"; };
		419419132A685DD000A752AB /* Assets.xcassets */ = {isa = PBXFileReference; lastKnownFileType = folder.assetcatalog; path = Assets.xcassets; sourceTree = "<group>"; };
		419419162A685DD000A752AB /* Base */ = {isa = PBXFileReference; lastKnownFileType = file.storyboard; name = Base; path = Base.lproj/LaunchScreen.storyboard; sourceTree = "<group>"; };
		419419182A685DD000A752AB /* Info.plist */ = {isa = PBXFileReference; lastKnownFileType = text.plist.xml; path = Info.plist; sourceTree = "<group>"; };
		4194191F2A685F4D00A752AB /* Extensions.swift */ = {isa = PBXFileReference; lastKnownFileType = sourcecode.swift; path = Extensions.swift; sourceTree = "<group>"; };
		419419222A685F8600A752AB /* FriendshipRelation.swift */ = {isa = PBXFileReference; lastKnownFileType = sourcecode.swift; path = FriendshipRelation.swift; sourceTree = "<group>"; };
		419419242A685FBC00A752AB /* UserResult.swift */ = {isa = PBXFileReference; lastKnownFileType = sourcecode.swift; path = UserResult.swift; sourceTree = "<group>"; };
		419419262A685FDA00A752AB /* UIUserResultCollectionViewCell.swift */ = {isa = PBXFileReference; lastKnownFileType = sourcecode.swift; path = UIUserResultCollectionViewCell.swift; sourceTree = "<group>"; };
		419419282A6860C200A752AB /* FollowingFollowerViewController.swift */ = {isa = PBXFileReference; lastKnownFileType = sourcecode.swift; path = FollowingFollowerViewController.swift; sourceTree = "<group>"; };
/* End PBXFileReference section */

/* Begin PBXFrameworksBuildPhase section */
		419419042A685DCF00A752AB /* Frameworks */ = {
			isa = PBXFrameworksBuildPhase;
			buildActionMask = 2147483647;
			files = (
			);
			runOnlyForDeploymentPostprocessing = 0;
		};
/* End PBXFrameworksBuildPhase section */

/* Begin PBXGroup section */
		419418FE2A685DCF00A752AB = {
			isa = PBXGroup;
			children = (
				4194191E2A685F3300A752AB /* Infrastructure */,
				419419212A685F6800A752AB /* Domain */,
				419419092A685DCF00A752AB /* UIKit-Project */,
				419419082A685DCF00A752AB /* Products */,
			);
			sourceTree = "<group>";
		};
		419419082A685DCF00A752AB /* Products */ = {
			isa = PBXGroup;
			children = (
				419419072A685DCF00A752AB /* UIKit-Project.app */,
			);
			name = Products;
			sourceTree = "<group>";
		};
		419419092A685DCF00A752AB /* UIKit-Project */ = {
			isa = PBXGroup;
			children = (
				4173A5592A686FBC00B7CFC6 /* CustomSegmentedControl.swift */,
				419419262A685FDA00A752AB /* UIUserResultCollectionViewCell.swift */,
				419419282A6860C200A752AB /* FollowingFollowerViewController.swift */,
				4194190A2A685DCF00A752AB /* AppDelegate.swift */,
				4194190C2A685DCF00A752AB /* SceneDelegate.swift */,
				419419132A685DD000A752AB /* Assets.xcassets */,
				419419152A685DD000A752AB /* LaunchScreen.storyboard */,
				419419182A685DD000A752AB /* Info.plist */,
				412F21D32A69CEB100E24EEE /* UISearchView.swift */,
			);
			path = "UIKit-Project";
			sourceTree = "<group>";
		};
		4194191E2A685F3300A752AB /* Infrastructure */ = {
			isa = PBXGroup;
			children = (
				4194191F2A685F4D00A752AB /* Extensions.swift */,
			);
			path = Infrastructure;
			sourceTree = "<group>";
		};
		419419212A685F6800A752AB /* Domain */ = {
			isa = PBXGroup;
			children = (
				419419222A685F8600A752AB /* FriendshipRelation.swift */,
				419419242A685FBC00A752AB /* UserResult.swift */,
			);
			path = Domain;
			sourceTree = "<group>";
		};
/* End PBXGroup section */

/* Begin PBXNativeTarget section */
		419419062A685DCF00A752AB /* UIKit-Project */ = {
			isa = PBXNativeTarget;
			buildConfigurationList = 4194191B2A685DD000A752AB /* Build configuration list for PBXNativeTarget "UIKit-Project" */;
			buildPhases = (
				419419032A685DCF00A752AB /* Sources */,
				419419042A685DCF00A752AB /* Frameworks */,
				419419052A685DCF00A752AB /* Resources */,
			);
			buildRules = (
			);
			dependencies = (
			);
			name = "UIKit-Project";
			productName = "UIKit-Project";
			productReference = 419419072A685DCF00A752AB /* UIKit-Project.app */;
			productType = "com.apple.product-type.application";
		};
/* End PBXNativeTarget section */

/* Begin PBXProject section */
		419418FF2A685DCF00A752AB /* Project object */ = {
			isa = PBXProject;
			attributes = {
				BuildIndependentTargetsInParallel = 1;
				LastSwiftUpdateCheck = 1430;
				LastUpgradeCheck = 1430;
				TargetAttributes = {
					419419062A685DCF00A752AB = {
						CreatedOnToolsVersion = 14.3.1;
					};
				};
			};
			buildConfigurationList = 419419022A685DCF00A752AB /* Build configuration list for PBXProject "UIKit-Project" */;
			compatibilityVersion = "Xcode 14.0";
			developmentRegion = en;
			hasScannedForEncodings = 0;
			knownRegions = (
				en,
				Base,
			);
			mainGroup = 419418FE2A685DCF00A752AB;
			productRefGroup = 419419082A685DCF00A752AB /* Products */;
			projectDirPath = "";
			projectRoot = "";
			targets = (
				419419062A685DCF00A752AB /* UIKit-Project */,
			);
		};
/* End PBXProject section */

/* Begin PBXResourcesBuildPhase section */
		419419052A685DCF00A752AB /* Resources */ = {
			isa = PBXResourcesBuildPhase;
			buildActionMask = 2147483647;
			files = (
				419419172A685DD000A752AB /* LaunchScreen.storyboard in Resources */,
				419419142A685DD000A752AB /* Assets.xcassets in Resources */,
			);
			runOnlyForDeploymentPostprocessing = 0;
		};
/* End PBXResourcesBuildPhase section */

/* Begin PBXSourcesBuildPhase section */
		419419032A685DCF00A752AB /* Sources */ = {
			isa = PBXSourcesBuildPhase;
			buildActionMask = 2147483647;
			files = (
				412F21D42A69CEB100E24EEE /* UISearchView.swift in Sources */,
				419419292A6860C200A752AB /* FollowingFollowerViewController.swift in Sources */,
				419419272A685FDA00A752AB /* UIUserResultCollectionViewCell.swift in Sources */,
				4194190B2A685DCF00A752AB /* AppDelegate.swift in Sources */,
				419419232A685F8600A752AB /* FriendshipRelation.swift in Sources */,
				419419202A685F4D00A752AB /* Extensions.swift in Sources */,
				419419252A685FBC00A752AB /* UserResult.swift in Sources */,
				4194190D2A685DCF00A752AB /* SceneDelegate.swift in Sources */,
				4173A55A2A686FBC00B7CFC6 /* CustomSegmentedControl.swift in Sources */,
			);
			runOnlyForDeploymentPostprocessing = 0;
		};
/* End PBXSourcesBuildPhase section */

/* Begin PBXVariantGroup section */
		419419152A685DD000A752AB /* LaunchScreen.storyboard */ = {
			isa = PBXVariantGroup;
			children = (
				419419162A685DD000A752AB /* Base */,
			);
			name = LaunchScreen.storyboard;
			sourceTree = "<group>";
		};
/* End PBXVariantGroup section */

/* Begin XCBuildConfiguration section */
		419419192A685DD000A752AB /* Debug */ = {
			isa = XCBuildConfiguration;
			buildSettings = {
				ALWAYS_SEARCH_USER_PATHS = NO;
				CLANG_ANALYZER_NONNULL = YES;
				CLANG_ANALYZER_NUMBER_OBJECT_CONVERSION = YES_AGGRESSIVE;
				CLANG_CXX_LANGUAGE_STANDARD = "gnu++20";
				CLANG_ENABLE_MODULES = YES;
				CLANG_ENABLE_OBJC_ARC = YES;
				CLANG_ENABLE_OBJC_WEAK = YES;
				CLANG_WARN_BLOCK_CAPTURE_AUTORELEASING = YES;
				CLANG_WARN_BOOL_CONVERSION = YES;
				CLANG_WARN_COMMA = YES;
				CLANG_WARN_CONSTANT_CONVERSION = YES;
				CLANG_WARN_DEPRECATED_OBJC_IMPLEMENTATIONS = YES;
				CLANG_WARN_DIRECT_OBJC_ISA_USAGE = YES_ERROR;
				CLANG_WARN_DOCUMENTATION_COMMENTS = YES;
				CLANG_WARN_EMPTY_BODY = YES;
				CLANG_WARN_ENUM_CONVERSION = YES;
				CLANG_WARN_INFINITE_RECURSION = YES;
				CLANG_WARN_INT_CONVERSION = YES;
				CLANG_WARN_NON_LITERAL_NULL_CONVERSION = YES;
				CLANG_WARN_OBJC_IMPLICIT_RETAIN_SELF = YES;
				CLANG_WARN_OBJC_LITERAL_CONVERSION = YES;
				CLANG_WARN_OBJC_ROOT_CLASS = YES_ERROR;
				CLANG_WARN_QUOTED_INCLUDE_IN_FRAMEWORK_HEADER = YES;
				CLANG_WARN_RANGE_LOOP_ANALYSIS = YES;
				CLANG_WARN_STRICT_PROTOTYPES = YES;
				CLANG_WARN_SUSPICIOUS_MOVE = YES;
				CLANG_WARN_UNGUARDED_AVAILABILITY = YES_AGGRESSIVE;
				CLANG_WARN_UNREACHABLE_CODE = YES;
				CLANG_WARN__DUPLICATE_METHOD_MATCH = YES;
				COPY_PHASE_STRIP = NO;
				DEBUG_INFORMATION_FORMAT = dwarf;
				ENABLE_STRICT_OBJC_MSGSEND = YES;
				ENABLE_TESTABILITY = YES;
				GCC_C_LANGUAGE_STANDARD = gnu11;
				GCC_DYNAMIC_NO_PIC = NO;
				GCC_NO_COMMON_BLOCKS = YES;
				GCC_OPTIMIZATION_LEVEL = 0;
				GCC_PREPROCESSOR_DEFINITIONS = (
					"DEBUG=1",
					"$(inherited)",
				);
				GCC_WARN_64_TO_32_BIT_CONVERSION = YES;
				GCC_WARN_ABOUT_RETURN_TYPE = YES_ERROR;
				GCC_WARN_UNDECLARED_SELECTOR = YES;
				GCC_WARN_UNINITIALIZED_AUTOS = YES_AGGRESSIVE;
				GCC_WARN_UNUSED_FUNCTION = YES;
				GCC_WARN_UNUSED_VARIABLE = YES;
				IPHONEOS_DEPLOYMENT_TARGET = 16.4;
				MTL_ENABLE_DEBUG_INFO = INCLUDE_SOURCE;
				MTL_FAST_MATH = YES;
				ONLY_ACTIVE_ARCH = YES;
				SDKROOT = iphoneos;
				SWIFT_ACTIVE_COMPILATION_CONDITIONS = DEBUG;
				SWIFT_OPTIMIZATION_LEVEL = "-Onone";
			};
			name = Debug;
		};
		4194191A2A685DD000A752AB /* Release */ = {
			isa = XCBuildConfiguration;
			buildSettings = {
				ALWAYS_SEARCH_USER_PATHS = NO;
				CLANG_ANALYZER_NONNULL = YES;
				CLANG_ANALYZER_NUMBER_OBJECT_CONVERSION = YES_AGGRESSIVE;
				CLANG_CXX_LANGUAGE_STANDARD = "gnu++20";
				CLANG_ENABLE_MODULES = YES;
				CLANG_ENABLE_OBJC_ARC = YES;
				CLANG_ENABLE_OBJC_WEAK = YES;
				CLANG_WARN_BLOCK_CAPTURE_AUTORELEASING = YES;
				CLANG_WARN_BOOL_CONVERSION = YES;
				CLANG_WARN_COMMA = YES;
				CLANG_WARN_CONSTANT_CONVERSION = YES;
				CLANG_WARN_DEPRECATED_OBJC_IMPLEMENTATIONS = YES;
				CLANG_WARN_DIRECT_OBJC_ISA_USAGE = YES_ERROR;
				CLANG_WARN_DOCUMENTATION_COMMENTS = YES;
				CLANG_WARN_EMPTY_BODY = YES;
				CLANG_WARN_ENUM_CONVERSION = YES;
				CLANG_WARN_INFINITE_RECURSION = YES;
				CLANG_WARN_INT_CONVERSION = YES;
				CLANG_WARN_NON_LITERAL_NULL_CONVERSION = YES;
				CLANG_WARN_OBJC_IMPLICIT_RETAIN_SELF = YES;
				CLANG_WARN_OBJC_LITERAL_CONVERSION = YES;
				CLANG_WARN_OBJC_ROOT_CLASS = YES_ERROR;
				CLANG_WARN_QUOTED_INCLUDE_IN_FRAMEWORK_HEADER = YES;
				CLANG_WARN_RANGE_LOOP_ANALYSIS = YES;
				CLANG_WARN_STRICT_PROTOTYPES = YES;
				CLANG_WARN_SUSPICIOUS_MOVE = YES;
				CLANG_WARN_UNGUARDED_AVAILABILITY = YES_AGGRESSIVE;
				CLANG_WARN_UNREACHABLE_CODE = YES;
				CLANG_WARN__DUPLICATE_METHOD_MATCH = YES;
				COPY_PHASE_STRIP = NO;
				DEBUG_INFORMATION_FORMAT = "dwarf-with-dsym";
				ENABLE_NS_ASSERTIONS = NO;
				ENABLE_STRICT_OBJC_MSGSEND = YES;
				GCC_C_LANGUAGE_STANDARD = gnu11;
				GCC_NO_COMMON_BLOCKS = YES;
				GCC_WARN_64_TO_32_BIT_CONVERSION = YES;
				GCC_WARN_ABOUT_RETURN_TYPE = YES_ERROR;
				GCC_WARN_UNDECLARED_SELECTOR = YES;
				GCC_WARN_UNINITIALIZED_AUTOS = YES_AGGRESSIVE;
				GCC_WARN_UNUSED_FUNCTION = YES;
				GCC_WARN_UNUSED_VARIABLE = YES;
				IPHONEOS_DEPLOYMENT_TARGET = 16.4;
				MTL_ENABLE_DEBUG_INFO = NO;
				MTL_FAST_MATH = YES;
				SDKROOT = iphoneos;
				SWIFT_COMPILATION_MODE = wholemodule;
				SWIFT_OPTIMIZATION_LEVEL = "-O";
				VALIDATE_PRODUCT = YES;
			};
			name = Release;
		};
		4194191C2A685DD000A752AB /* Debug */ = {
			isa = XCBuildConfiguration;
			buildSettings = {
				ASSETCATALOG_COMPILER_APPICON_NAME = AppIcon;
				ASSETCATALOG_COMPILER_GLOBAL_ACCENT_COLOR_NAME = AccentColor;
				CODE_SIGN_STYLE = Automatic;
				CURRENT_PROJECT_VERSION = 1;
				DEVELOPMENT_TEAM = A444S72HKP;
				GENERATE_INFOPLIST_FILE = YES;
				INFOPLIST_FILE = "UIKit-Project/Info.plist";
				INFOPLIST_KEY_UIApplicationSupportsIndirectInputEvents = YES;
				INFOPLIST_KEY_UILaunchStoryboardName = LaunchScreen;
				INFOPLIST_KEY_UISupportedInterfaceOrientations_iPad = "UIInterfaceOrientationPortrait UIInterfaceOrientationPortraitUpsideDown UIInterfaceOrientationLandscapeLeft UIInterfaceOrientationLandscapeRight";
				INFOPLIST_KEY_UISupportedInterfaceOrientations_iPhone = "UIInterfaceOrientationPortrait UIInterfaceOrientationLandscapeLeft UIInterfaceOrientationLandscapeRight";
				LD_RUNPATH_SEARCH_PATHS = (
					"$(inherited)",
					"@executable_path/Frameworks",
				);
				MARKETING_VERSION = 1.0;
				PRODUCT_BUNDLE_IDENTIFIER = "themis.UIKit-Project";
				PRODUCT_NAME = "$(TARGET_NAME)";
				SWIFT_EMIT_LOC_STRINGS = YES;
				SWIFT_VERSION = 5.0;
				TARGETED_DEVICE_FAMILY = "1,2";
			};
			name = Debug;
		};
		4194191D2A685DD000A752AB /* Release */ = {
			isa = XCBuildConfiguration;
			buildSettings = {
				ASSETCATALOG_COMPILER_APPICON_NAME = AppIcon;
				ASSETCATALOG_COMPILER_GLOBAL_ACCENT_COLOR_NAME = AccentColor;
				CODE_SIGN_STYLE = Automatic;
				CURRENT_PROJECT_VERSION = 1;
				DEVELOPMENT_TEAM = A444S72HKP;
				GENERATE_INFOPLIST_FILE = YES;
				INFOPLIST_FILE = "UIKit-Project/Info.plist";
				INFOPLIST_KEY_UIApplicationSupportsIndirectInputEvents = YES;
				INFOPLIST_KEY_UILaunchStoryboardName = LaunchScreen;
				INFOPLIST_KEY_UISupportedInterfaceOrientations_iPad = "UIInterfaceOrientationPortrait UIInterfaceOrientationPortraitUpsideDown UIInterfaceOrientationLandscapeLeft UIInterfaceOrientationLandscapeRight";
				INFOPLIST_KEY_UISupportedInterfaceOrientations_iPhone = "UIInterfaceOrientationPortrait UIInterfaceOrientationLandscapeLeft UIInterfaceOrientationLandscapeRight";
				LD_RUNPATH_SEARCH_PATHS = (
					"$(inherited)",
					"@executable_path/Frameworks",
				);
				MARKETING_VERSION = 1.0;
				PRODUCT_BUNDLE_IDENTIFIER = "themis.UIKit-Project";
				PRODUCT_NAME = "$(TARGET_NAME)";
				SWIFT_EMIT_LOC_STRINGS = YES;
				SWIFT_VERSION = 5.0;
				TARGETED_DEVICE_FAMILY = "1,2";
			};
			name = Release;
		};
/* End XCBuildConfiguration section */

/* Begin XCConfigurationList section */
		419419022A685DCF00A752AB /* Build configuration list for PBXProject "UIKit-Project" */ = {
			isa = XCConfigurationList;
			buildConfigurations = (
				419419192A685DD000A752AB /* Debug */,
				4194191A2A685DD000A752AB /* Release */,
			);
			defaultConfigurationIsVisible = 0;
			defaultConfigurationName = Release;
		};
		4194191B2A685DD000A752AB /* Build configuration list for PBXNativeTarget "UIKit-Project" */ = {
			isa = XCConfigurationList;
			buildConfigurations = (
				4194191C2A685DD000A752AB /* Debug */,
				4194191D2A685DD000A752AB /* Release */,
			);
			defaultConfigurationIsVisible = 0;
			defaultConfigurationName = Release;
		};
/* End XCConfigurationList section */
	};
	rootObject = 419418FF2A685DCF00A752AB /* Project object */;
}
